{
  "name": "@oops-test/cli",
  "version": "0.0.0",
  "lockfileVersion": 1,
  "requires": true,
  "dependencies": {
    "@oops-test/engine": {
      "version": "file:../engine",
      "requires": {
        "debug": "^4.3.2",
        "expect": "^27.1.1",
        "lodash": "^4.17.21",
        "playwright": "^1.14.1"
      },
      "dependencies": {
        "debug": {
          "version": "4.3.2",
          "requires": {
            "ms": "2.1.2"
          },
          "dependencies": {
            "ms": {
              "version": "2.1.2",
              "resolved": "https://registry.nlark.com/ms/download/ms-2.1.2.tgz",
              "integrity": "sha1-0J0fNXtEP0kzgqjrPM0YOHKuYAk="
            }
          }
        },
        "expect": {
          "version": "27.1.1",
          "requires": {
            "@jest/types": "^27.1.1",
            "ansi-styles": "^5.0.0",
            "jest-get-type": "^27.0.6",
            "jest-matcher-utils": "^27.1.1",
            "jest-message-util": "^27.1.1",
            "jest-regex-util": "^27.0.6"
          },
          "dependencies": {
            "@babel/code-frame": {
              "version": "7.14.5",
              "resolved": "https://registry.nlark.com/@babel/code-frame/download/@babel/code-frame-7.14.5.tgz?cache=0&sync_timestamp=1623280394200&other_urls=https%3A%2F%2Fregistry.nlark.com%2F%40babel%2Fcode-frame%2Fdownload%2F%40babel%2Fcode-frame-7.14.5.tgz",
              "integrity": "sha1-I7CNdA6D9JxeWZRfvxtD6Au/Tts=",
              "requires": {
                "@babel/highlight": "^7.14.5"
              }
            },
            "@babel/helper-validator-identifier": {
              "version": "7.15.7",
              "resolved": "https://registry.nlark.com/@babel/helper-validator-identifier/download/@babel/helper-validator-identifier-7.15.7.tgz?cache=0&sync_timestamp=1631920000984&other_urls=https%3A%2F%2Fregistry.nlark.com%2F%40babel%2Fhelper-validator-identifier%2Fdownload%2F%40babel%2Fhelper-validator-identifier-7.15.7.tgz",
              "integrity": "sha1-Ig35k7/pBKSmsCq08zhaXr9uI4k="
            },
            "@babel/highlight": {
              "version": "7.14.5",
              "resolved": "https://registry.nlark.com/@babel/highlight/download/@babel/highlight-7.14.5.tgz?cache=0&sync_timestamp=1623280393681&other_urls=https%3A%2F%2Fregistry.nlark.com%2F%40babel%2Fhighlight%2Fdownload%2F%40babel%2Fhighlight-7.14.5.tgz",
              "integrity": "sha1-aGGlLwOWZAUAH2qlNKAaJNmejNk=",
              "requires": {
                "@babel/helper-validator-identifier": "^7.14.5",
                "chalk": "^2.0.0",
                "js-tokens": "^4.0.0"
              },
              "dependencies": {
                "ansi-styles": {
                  "version": "3.2.1",
                  "resolved": "https://registry.nlark.com/ansi-styles/download/ansi-styles-3.2.1.tgz",
                  "integrity": "sha1-QfuyAkPlCxK+DwS43tvwdSDOhB0=",
                  "requires": {
                    "color-convert": "^1.9.0"
                  }
                },
                "chalk": {
                  "version": "2.4.2",
                  "resolved": "https://registry.nlark.com/chalk/download/chalk-2.4.2.tgz?cache=0&sync_timestamp=1627646697260&other_urls=https%3A%2F%2Fregistry.nlark.com%2Fchalk%2Fdownload%2Fchalk-2.4.2.tgz",
                  "integrity": "sha1-zUJUFnelQzPPVBpJEIwUMrRMlCQ=",
                  "requires": {
                    "ansi-styles": "^3.2.1",
                    "escape-string-regexp": "^1.0.5",
                    "supports-color": "^5.3.0"
                  }
                },
                "color-convert": {
                  "version": "1.9.3",
                  "resolved": "https://registry.npm.taobao.org/color-convert/download/color-convert-1.9.3.tgz",
                  "integrity": "sha1-u3GFBpDh8TZWfeYp0tVHHe2kweg=",
                  "requires": {
                    "color-name": "1.1.3"
                  }
                },
                "color-name": {
                  "version": "1.1.3",
                  "resolved": "https://registry.npm.taobao.org/color-name/download/color-name-1.1.3.tgz",
                  "integrity": "sha1-p9BVi9icQveV3UIyj3QIMcpTvCU="
                },
                "has-flag": {
                  "version": "3.0.0",
                  "resolved": "https://registry.nlark.com/has-flag/download/has-flag-3.0.0.tgz",
                  "integrity": "sha1-tdRU3CGZriJWmfNGfloH87lVuv0="
                },
                "supports-color": {
                  "version": "5.5.0",
                  "resolved": "https://registry.nlark.com/supports-color/download/supports-color-5.5.0.tgz?cache=0&sync_timestamp=1626703414084&other_urls=https%3A%2F%2Fregistry.nlark.com%2Fsupports-color%2Fdownload%2Fsupports-color-5.5.0.tgz",
                  "integrity": "sha1-4uaaRKyHcveKHsCzW2id9lMO/I8=",
                  "requires": {
                    "has-flag": "^3.0.0"
                  }
                }
              }
            },
            "@jest/types": {
              "version": "27.1.1",
              "resolved": "https://registry.nlark.com/@jest/types/download/@jest/types-27.1.1.tgz",
              "integrity": "sha1-d6P8AU+QbGV1LRISOgE0NZcHwK0=",
              "requires": {
                "@types/istanbul-lib-coverage": "^2.0.0",
                "@types/istanbul-reports": "^3.0.0",
                "@types/node": "*",
                "@types/yargs": "^16.0.0",
                "chalk": "^4.0.0"
              }
            },
            "@types/istanbul-lib-coverage": {
              "version": "2.0.3",
              "resolved": "https://registry.nlark.com/@types/istanbul-lib-coverage/download/@types/istanbul-lib-coverage-2.0.3.tgz",
              "integrity": "sha1-S6jdtyAiH0MuRDvV+RF/0iz9R2I="
            },
            "@types/istanbul-lib-report": {
              "version": "3.0.0",
              "resolved": "https://registry.nlark.com/@types/istanbul-lib-report/download/@types/istanbul-lib-report-3.0.0.tgz?cache=0&sync_timestamp=1629708072640&other_urls=https%3A%2F%2Fregistry.nlark.com%2F%40types%2Fistanbul-lib-report%2Fdownload%2F%40types%2Fistanbul-lib-report-3.0.0.tgz",
              "integrity": "sha1-wUwk8Y6oGQwRjudWK3/5mjZVJoY=",
              "requires": {
                "@types/istanbul-lib-coverage": "*"
              }
            },
            "@types/istanbul-reports": {
              "version": "3.0.1",
              "resolved": "https://registry.nlark.com/@types/istanbul-reports/download/@types/istanbul-reports-3.0.1.tgz",
              "integrity": "sha1-kVP+mLuivVZaY63ZQ21vDX+EaP8=",
              "requires": {
                "@types/istanbul-lib-report": "*"
              }
            },
            "@types/node": {
              "version": "16.9.2",
              "resolved": "https://registry.nlark.com/@types/node/download/@types/node-16.9.2.tgz",
              "integrity": "sha1-gfWgOdbtGUH4zFdQbHTnwrj8ZLk="
            },
            "@types/stack-utils": {
              "version": "2.0.1",
              "resolved": "https://registry.nlark.com/@types/stack-utils/download/@types/stack-utils-2.0.1.tgz?cache=0&sync_timestamp=1629709881985&other_urls=https%3A%2F%2Fregistry.nlark.com%2F%40types%2Fstack-utils%2Fdownload%2F%40types%2Fstack-utils-2.0.1.tgz",
              "integrity": "sha1-IPGClPeX8iCbX2XI47XI6CYdEnw="
            },
            "@types/yargs": {
              "version": "16.0.4",
              "resolved": "https://registry.nlark.com/@types/yargs/download/@types/yargs-16.0.4.tgz?cache=0&sync_timestamp=1629709792352&other_urls=https%3A%2F%2Fregistry.nlark.com%2F%40types%2Fyargs%2Fdownload%2F%40types%2Fyargs-16.0.4.tgz",
              "integrity": "sha1-JqrZjdLCo45CEIbqmtQrnlFkKXc=",
              "requires": {
                "@types/yargs-parser": "*"
              }
            },
            "@types/yargs-parser": {
              "version": "20.2.1",
              "resolved": "https://registry.nlark.com/@types/yargs-parser/download/@types/yargs-parser-20.2.1.tgz?cache=0&sync_timestamp=1629709862537&other_urls=https%3A%2F%2Fregistry.nlark.com%2F%40types%2Fyargs-parser%2Fdownload%2F%40types%2Fyargs-parser-20.2.1.tgz",
              "integrity": "sha1-O5ziSJkZ2eT+pDm3aRarw0st8Sk="
            },
            "ansi-regex": {
              "version": "5.0.1",
              "resolved": "https://registry.nlark.com/ansi-regex/download/ansi-regex-5.0.1.tgz?cache=0&sync_timestamp=1631634988487&other_urls=https%3A%2F%2Fregistry.nlark.com%2Fansi-regex%2Fdownload%2Fansi-regex-5.0.1.tgz",
              "integrity": "sha1-CCyyyJyf6GWaMRpTvWpNxTAdswQ="
            },
            "ansi-styles": {
              "version": "5.2.0",
              "resolved": "https://registry.nlark.com/ansi-styles/download/ansi-styles-5.2.0.tgz",
              "integrity": "sha1-B0SWkK1Fd30ZJKwquy/IiV26g2s="
            },
            "braces": {
              "version": "3.0.2",
              "resolved": "https://registry.npm.taobao.org/braces/download/braces-3.0.2.tgz",
              "integrity": "sha1-NFThpGLujVmeI23zNs2epPiv4Qc=",
              "requires": {
                "fill-range": "^7.0.1"
              }
            },
            "chalk": {
              "version": "4.1.2",
              "resolved": "https://registry.nlark.com/chalk/download/chalk-4.1.2.tgz?cache=0&sync_timestamp=1627646697260&other_urls=https%3A%2F%2Fregistry.nlark.com%2Fchalk%2Fdownload%2Fchalk-4.1.2.tgz",
              "integrity": "sha1-qsTit3NKdAhnrrFr8CqtVWoeegE=",
              "requires": {
                "ansi-styles": "^4.1.0",
                "supports-color": "^7.1.0"
              },
              "dependencies": {
                "ansi-styles": {
                  "version": "4.3.0",
                  "resolved": "https://registry.nlark.com/ansi-styles/download/ansi-styles-4.3.0.tgz",
                  "integrity": "sha1-7dgDYornHATIWuegkG7a00tkiTc=",
                  "requires": {
                    "color-convert": "^2.0.1"
                  }
                }
              }
            },
            "color-convert": {
              "version": "2.0.1",
              "resolved": "https://registry.npm.taobao.org/color-convert/download/color-convert-2.0.1.tgz",
              "integrity": "sha1-ctOmjVmMm9s68q0ehPIdiWq9TeM=",
              "requires": {
                "color-name": "~1.1.4"
              }
            },
            "color-name": {
              "version": "1.1.4",
              "resolved": "https://registry.npm.taobao.org/color-name/download/color-name-1.1.4.tgz",
              "integrity": "sha1-wqCah6y95pVD3m9j+jmVyCbFNqI="
            },
            "diff-sequences": {
              "version": "27.0.6",
              "resolved": "https://registry.nlark.com/diff-sequences/download/diff-sequences-27.0.6.tgz?cache=0&sync_timestamp=1624900057366&other_urls=https%3A%2F%2Fregistry.nlark.com%2Fdiff-sequences%2Fdownload%2Fdiff-sequences-27.0.6.tgz",
              "integrity": "sha1-MwXLLlWgM5JAVGlcxmAZ/X+OVyM="
            },
            "escape-string-regexp": {
              "version": "1.0.5",
              "resolved": "https://registry.nlark.com/escape-string-regexp/download/escape-string-regexp-1.0.5.tgz",
              "integrity": "sha1-G2HAViGQqN/2rjuyzwIAyhMLhtQ="
            },
            "fill-range": {
              "version": "7.0.1",
              "resolved": "https://registry.npm.taobao.org/fill-range/download/fill-range-7.0.1.tgz",
              "integrity": "sha1-GRmmp8df44ssfHflGYU12prN2kA=",
              "requires": {
                "to-regex-range": "^5.0.1"
              }
            },
            "graceful-fs": {
              "version": "4.2.8",
              "resolved": "https://registry.nlark.com/graceful-fs/download/graceful-fs-4.2.8.tgz?cache=0&sync_timestamp=1628194078324&other_urls=https%3A%2F%2Fregistry.nlark.com%2Fgraceful-fs%2Fdownload%2Fgraceful-fs-4.2.8.tgz",
              "integrity": "sha1-5BK40z9eAGWTy9PO5t+fLOu+gCo="
            },
            "has-flag": {
              "version": "4.0.0",
              "resolved": "https://registry.nlark.com/has-flag/download/has-flag-4.0.0.tgz",
              "integrity": "sha1-lEdx/ZyByBJlxNaUGGDaBrtZR5s="
            },
            "is-number": {
              "version": "7.0.0",
              "resolved": "https://registry.npm.taobao.org/is-number/download/is-number-7.0.0.tgz",
              "integrity": "sha1-dTU0W4lnNNX4DE0GxQlVUnoU8Ss="
            },
            "jest-diff": {
              "version": "27.2.0",
              "resolved": "https://registry.nlark.com/jest-diff/download/jest-diff-27.2.0.tgz?cache=0&sync_timestamp=1631520506832&other_urls=https%3A%2F%2Fregistry.nlark.com%2Fjest-diff%2Fdownload%2Fjest-diff-27.2.0.tgz",
              "integrity": "sha1-vadhw2D3Ubqx56L+L8Kwo1zoUYw=",
              "requires": {
                "chalk": "^4.0.0",
                "diff-sequences": "^27.0.6",
                "jest-get-type": "^27.0.6",
                "pretty-format": "^27.2.0"
              }
            },
            "jest-get-type": {
              "version": "27.0.6",
              "resolved": "https://registry.nlark.com/jest-get-type/download/jest-get-type-27.0.6.tgz?cache=0&sync_timestamp=1624900056951&other_urls=https%3A%2F%2Fregistry.nlark.com%2Fjest-get-type%2Fdownload%2Fjest-get-type-27.0.6.tgz",
              "integrity": "sha1-DrXH91WFQnnOm2ip8aQSL2kEfP4="
            },
            "jest-matcher-utils": {
              "version": "27.2.0",
              "resolved": "https://registry.nlark.com/jest-matcher-utils/download/jest-matcher-utils-27.2.0.tgz?cache=0&sync_timestamp=1631520509985&other_urls=https%3A%2F%2Fregistry.nlark.com%2Fjest-matcher-utils%2Fdownload%2Fjest-matcher-utils-27.2.0.tgz",
              "integrity": "sha1-tNIkq4hlXV+rZLlrmJrDSeL12kM=",
              "requires": {
                "chalk": "^4.0.0",
                "jest-diff": "^27.2.0",
                "jest-get-type": "^27.0.6",
                "pretty-format": "^27.2.0"
              }
            },
            "jest-message-util": {
              "version": "27.2.0",
              "resolved": "https://registry.nlark.com/jest-message-util/download/jest-message-util-27.2.0.tgz?cache=0&sync_timestamp=1631520510387&other_urls=https%3A%2F%2Fregistry.nlark.com%2Fjest-message-util%2Fdownload%2Fjest-message-util-27.2.0.tgz",
              "integrity": "sha1-L2XHHfVSZyCGhrHXUU4YEGyRzq8=",
              "requires": {
                "@babel/code-frame": "^7.12.13",
                "@jest/types": "^27.1.1",
                "@types/stack-utils": "^2.0.0",
                "chalk": "^4.0.0",
                "graceful-fs": "^4.2.4",
                "micromatch": "^4.0.4",
                "pretty-format": "^27.2.0",
                "slash": "^3.0.0",
                "stack-utils": "^2.0.3"
              }
            },
            "jest-regex-util": {
              "version": "27.0.6",
              "resolved": "https://registry.nlark.com/jest-regex-util/download/jest-regex-util-27.0.6.tgz?cache=0&sync_timestamp=1624900088428&other_urls=https%3A%2F%2Fregistry.nlark.com%2Fjest-regex-util%2Fdownload%2Fjest-regex-util-27.0.6.tgz",
              "integrity": "sha1-AuESCCk1rpSc5dE7JnXbPYyH2cU="
            },
            "js-tokens": {
              "version": "4.0.0",
              "resolved": "https://registry.nlark.com/js-tokens/download/js-tokens-4.0.0.tgz?cache=0&sync_timestamp=1619345098261&other_urls=https%3A%2F%2Fregistry.nlark.com%2Fjs-tokens%2Fdownload%2Fjs-tokens-4.0.0.tgz",
              "integrity": "sha1-GSA/tZmR35jjoocFDUZHzerzJJk="
            },
            "micromatch": {
              "version": "4.0.4",
              "resolved": "https://registry.nlark.com/micromatch/download/micromatch-4.0.4.tgz",
              "integrity": "sha1-iW1Rnf6dsl/OlM63pQCRm/iB6/k=",
              "requires": {
                "braces": "^3.0.1",
                "picomatch": "^2.2.3"
              }
            },
            "picomatch": {
              "version": "2.3.0",
              "resolved": "https://registry.nlark.com/picomatch/download/picomatch-2.3.0.tgz",
              "integrity": "sha1-8fBh3o9qS/AiiS4tEoI0+5gwKXI="
            },
            "pretty-format": {
              "version": "27.2.0",
              "resolved": "https://registry.nlark.com/pretty-format/download/pretty-format-27.2.0.tgz?cache=0&sync_timestamp=1631520506379&other_urls=https%3A%2F%2Fregistry.nlark.com%2Fpretty-format%2Fdownload%2Fpretty-format-27.2.0.tgz",
              "integrity": "sha1-7jepTOKnl2V5GoZJrjdNRowY7xk=",
              "requires": {
                "@jest/types": "^27.1.1",
                "ansi-regex": "^5.0.0",
                "ansi-styles": "^5.0.0",
                "react-is": "^17.0.1"
              }
            },
            "react-is": {
              "version": "17.0.2",
              "resolved": "https://registry.nlark.com/react-is/download/react-is-17.0.2.tgz",
              "integrity": "sha1-5pHUqOnHiTZWVVOas3J2Kw77VPA="
            },
            "slash": {
              "version": "3.0.0",
              "resolved": "https://registry.nlark.com/slash/download/slash-3.0.0.tgz",
              "integrity": "sha1-ZTm+hwwWWtvVJAIg2+Nh8bxNRjQ="
            },
            "stack-utils": {
              "version": "2.0.5",
              "resolved": "https://registry.nlark.com/stack-utils/download/stack-utils-2.0.5.tgz",
              "integrity": "sha1-0lJl/KmVFUZZ27+6O0klR3jS/dU=",
              "requires": {
                "escape-string-regexp": "^2.0.0"
              },
              "dependencies": {
                "escape-string-regexp": {
                  "version": "2.0.0",
                  "resolved": "https://registry.nlark.com/escape-string-regexp/download/escape-string-regexp-2.0.0.tgz",
                  "integrity": "sha1-owME6Z2qMuI7L9IPUbq9B8/8o0Q="
                }
              }
            },
            "supports-color": {
              "version": "7.2.0",
              "resolved": "https://registry.nlark.com/supports-color/download/supports-color-7.2.0.tgz?cache=0&sync_timestamp=1626703414084&other_urls=https%3A%2F%2Fregistry.nlark.com%2Fsupports-color%2Fdownload%2Fsupports-color-7.2.0.tgz",
              "integrity": "sha1-G33NyzK4E4gBs+R4umpRyqiWSNo=",
              "requires": {
                "has-flag": "^4.0.0"
              }
            },
            "to-regex-range": {
              "version": "5.0.1",
              "resolved": "https://registry.npm.taobao.org/to-regex-range/download/to-regex-range-5.0.1.tgz",
              "integrity": "sha1-FkjESq58jZiKMmAY7XL1tN0DkuQ=",
              "requires": {
                "is-number": "^7.0.0"
              }
            }
          }
        },
        "lodash": {
          "version": "4.17.21"
        },
        "playwright": {
          "version": "1.14.1",
          "requires": {
            "commander": "^6.1.0",
            "debug": "^4.1.1",
            "extract-zip": "^2.0.1",
            "https-proxy-agent": "^5.0.0",
            "jpeg-js": "^0.4.2",
            "mime": "^2.4.6",
            "pngjs": "^5.0.0",
            "progress": "^2.0.3",
            "proper-lockfile": "^4.1.1",
            "proxy-from-env": "^1.1.0",
            "rimraf": "^3.0.2",
            "stack-utils": "^2.0.3",
            "ws": "^7.4.6",
            "yazl": "^2.5.1"
          },
          "dependencies": {
            "@types/node": {
              "version": "16.9.2",
              "resolved": "https://registry.nlark.com/@types/node/download/@types/node-16.9.2.tgz",
              "integrity": "sha1-gfWgOdbtGUH4zFdQbHTnwrj8ZLk=",
              "optional": true
            },
            "@types/yauzl": {
              "version": "2.9.2",
              "resolved": "https://registry.nlark.com/@types/yauzl/download/@types/yauzl-2.9.2.tgz",
              "integrity": "sha1-xI5dVq/xREQJ45+hZLC01FUqe3o=",
              "optional": true,
              "requires": {
                "@types/node": "*"
              }
            },
            "agent-base": {
              "version": "6.0.2",
              "resolved": "https://registry.npm.taobao.org/agent-base/download/agent-base-6.0.2.tgz?cache=0&sync_timestamp=1603480100923&other_urls=https%3A%2F%2Fregistry.npm.taobao.org%2Fagent-base%2Fdownload%2Fagent-base-6.0.2.tgz",
              "integrity": "sha1-Sf/1hXfP7j83F2/qtMIuAPhtf3c=",
              "requires": {
                "debug": "4"
              }
            },
            "balanced-match": {
              "version": "1.0.2",
              "resolved": "https://registry.npm.taobao.org/balanced-match/download/balanced-match-1.0.2.tgz?cache=0&other_urls=https%3A%2F%2Fregistry.npm.taobao.org%2Fbalanced-match%2Fdownload%2Fbalanced-match-1.0.2.tgz",
              "integrity": "sha1-6D46fj8wCzTLnYf2FfoMvzV2kO4="
            },
            "brace-expansion": {
              "version": "1.1.11",
              "resolved": "https://registry.npm.taobao.org/brace-expansion/download/brace-expansion-1.1.11.tgz?cache=0&sync_timestamp=1614010709807&other_urls=https%3A%2F%2Fregistry.npm.taobao.org%2Fbrace-expansion%2Fdownload%2Fbrace-expansion-1.1.11.tgz",
              "integrity": "sha1-PH/L9SnYcibz0vUrlm/1Jx60Qd0=",
              "requires": {
                "balanced-match": "^1.0.0",
                "concat-map": "0.0.1"
              }
            },
            "buffer-crc32": {
              "version": "0.2.13",
              "resolved": "https://registry.npm.taobao.org/buffer-crc32/download/buffer-crc32-0.2.13.tgz",
              "integrity": "sha1-DTM+PwDqxQqhRUq9MO+MKl2ackI="
            },
            "commander": {
              "version": "6.2.1",
              "resolved": "https://registry.nlark.com/commander/download/commander-6.2.1.tgz",
              "integrity": "sha1-B5LraC37wyWZm7K4T93duhEKxzw="
            },
            "concat-map": {
              "version": "0.0.1",
              "resolved": "https://registry.npm.taobao.org/concat-map/download/concat-map-0.0.1.tgz",
              "integrity": "sha1-2Klr13/Wjfd5OnMDajug1UBdR3s="
            },
            "debug": {
              "version": "4.3.2",
              "resolved": "https://registry.nlark.com/debug/download/debug-4.3.2.tgz",
              "integrity": "sha1-8KScGKyHeeMdSgxgKd+3aHPHQos=",
              "requires": {
                "ms": "2.1.2"
              }
            },
            "end-of-stream": {
              "version": "1.4.4",
              "resolved": "https://registry.npm.taobao.org/end-of-stream/download/end-of-stream-1.4.4.tgz",
              "integrity": "sha1-WuZKX0UFe682JuwU2gyl5LJDHrA=",
              "requires": {
                "once": "^1.4.0"
              }
            },
            "escape-string-regexp": {
              "version": "2.0.0",
              "resolved": "https://registry.nlark.com/escape-string-regexp/download/escape-string-regexp-2.0.0.tgz",
              "integrity": "sha1-owME6Z2qMuI7L9IPUbq9B8/8o0Q="
            },
            "extract-zip": {
              "version": "2.0.1",
              "resolved": "https://registry.npm.taobao.org/extract-zip/download/extract-zip-2.0.1.tgz?cache=0&sync_timestamp=1591773082587&other_urls=https%3A%2F%2Fregistry.npm.taobao.org%2Fextract-zip%2Fdownload%2Fextract-zip-2.0.1.tgz",
              "integrity": "sha1-Zj3KVv5G34kNXxMe9KBtIruLoTo=",
              "requires": {
                "@types/yauzl": "^2.9.1",
                "debug": "^4.1.1",
                "get-stream": "^5.1.0",
                "yauzl": "^2.10.0"
              }
            },
            "fd-slicer": {
              "version": "1.1.0",
              "resolved": "https://registry.npm.taobao.org/fd-slicer/download/fd-slicer-1.1.0.tgz",
              "integrity": "sha1-JcfInLH5B3+IkbvmHY85Dq4lbx4=",
              "requires": {
                "pend": "~1.2.0"
              }
            },
            "fs.realpath": {
              "version": "1.0.0",
              "resolved": "https://registry.npm.taobao.org/fs.realpath/download/fs.realpath-1.0.0.tgz",
              "integrity": "sha1-FQStJSMVjKpA20onh8sBQRmU6k8="
            },
            "get-stream": {
              "version": "5.2.0",
              "resolved": "https://registry.npm.taobao.org/get-stream/download/get-stream-5.2.0.tgz",
              "integrity": "sha1-SWaheV7lrOZecGxLe+txJX1uItM=",
              "requires": {
                "pump": "^3.0.0"
              }
            },
            "glob": {
              "version": "7.1.7",
              "resolved": "https://registry.nlark.com/glob/download/glob-7.1.7.tgz?cache=0&other_urls=https%3A%2F%2Fregistry.nlark.com%2Fglob%2Fdownload%2Fglob-7.1.7.tgz",
              "integrity": "sha1-Oxk+kjPwHULQs/eClLvutBj5SpA=",
              "requires": {
                "fs.realpath": "^1.0.0",
                "inflight": "^1.0.4",
                "inherits": "2",
                "minimatch": "^3.0.4",
                "once": "^1.3.0",
                "path-is-absolute": "^1.0.0"
              }
            },
            "graceful-fs": {
              "version": "4.2.8",
              "resolved": "https://registry.nlark.com/graceful-fs/download/graceful-fs-4.2.8.tgz?cache=0&sync_timestamp=1628194078324&other_urls=https%3A%2F%2Fregistry.nlark.com%2Fgraceful-fs%2Fdownload%2Fgraceful-fs-4.2.8.tgz",
              "integrity": "sha1-5BK40z9eAGWTy9PO5t+fLOu+gCo="
            },
            "https-proxy-agent": {
              "version": "5.0.0",
              "resolved": "https://registry.npm.taobao.org/https-proxy-agent/download/https-proxy-agent-5.0.0.tgz?cache=0&other_urls=https%3A%2F%2Fregistry.npm.taobao.org%2Fhttps-proxy-agent%2Fdownload%2Fhttps-proxy-agent-5.0.0.tgz",
              "integrity": "sha1-4qkFQqu2inYuCghQ9sntrf2FBrI=",
              "requires": {
                "agent-base": "6",
                "debug": "4"
              }
            },
            "inflight": {
              "version": "1.0.6",
              "resolved": "https://registry.npm.taobao.org/inflight/download/inflight-1.0.6.tgz",
              "integrity": "sha1-Sb1jMdfQLQwJvJEKEHW6gWW1bfk=",
              "requires": {
                "once": "^1.3.0",
                "wrappy": "1"
              }
            },
            "inherits": {
              "version": "2.0.4",
              "resolved": "https://registry.npm.taobao.org/inherits/download/inherits-2.0.4.tgz",
              "integrity": "sha1-D6LGT5MpF8NDOg3tVTY6rjdBa3w="
            },
            "jpeg-js": {
              "version": "0.4.3",
              "resolved": "https://registry.npm.taobao.org/jpeg-js/download/jpeg-js-0.4.3.tgz",
              "integrity": "sha1-YVjgnxmDrXc4E3BL6AaAVQ7/l3s="
            },
            "mime": {
              "version": "2.5.2",
              "resolved": "https://registry.npm.taobao.org/mime/download/mime-2.5.2.tgz",
              "integrity": "sha1-bj3GzCuVEGQ4MOXxnVy3U9pe6r4="
            },
            "minimatch": {
              "version": "3.0.4",
              "resolved": "https://registry.npm.taobao.org/minimatch/download/minimatch-3.0.4.tgz",
              "integrity": "sha1-UWbihkV/AzBgZL5Ul+jbsMPTIIM=",
              "requires": {
                "brace-expansion": "^1.1.7"
              }
            },
            "ms": {
              "version": "2.1.2",
              "resolved": "https://registry.nlark.com/ms/download/ms-2.1.2.tgz",
              "integrity": "sha1-0J0fNXtEP0kzgqjrPM0YOHKuYAk="
            },
            "once": {
              "version": "1.4.0",
              "resolved": "https://registry.npm.taobao.org/once/download/once-1.4.0.tgz",
              "integrity": "sha1-WDsap3WWHUsROsF9nFC6753Xa9E=",
              "requires": {
                "wrappy": "1"
              }
            },
            "path-is-absolute": {
              "version": "1.0.1",
              "resolved": "https://registry.npm.taobao.org/path-is-absolute/download/path-is-absolute-1.0.1.tgz",
              "integrity": "sha1-F0uSaHNVNP+8es5r9TpanhtcX18="
            },
            "pend": {
              "version": "1.2.0",
              "resolved": "https://registry.npm.taobao.org/pend/download/pend-1.2.0.tgz",
              "integrity": "sha1-elfrVQpng/kRUzH89GY9XI4AelA="
            },
            "pngjs": {
              "version": "5.0.0",
              "resolved": "https://registry.npm.taobao.org/pngjs/download/pngjs-5.0.0.tgz?cache=0&sync_timestamp=1603551107900&other_urls=https%3A%2F%2Fregistry.npm.taobao.org%2Fpngjs%2Fdownload%2Fpngjs-5.0.0.tgz",
              "integrity": "sha1-553SshV2f9nARWHAEjbflgvOf7s="
            },
            "progress": {
              "version": "2.0.3",
              "resolved": "https://registry.npm.taobao.org/progress/download/progress-2.0.3.tgz?cache=0&sync_timestamp=1599054255267&other_urls=https%3A%2F%2Fregistry.npm.taobao.org%2Fprogress%2Fdownload%2Fprogress-2.0.3.tgz",
              "integrity": "sha1-foz42PW48jnBvGi+tOt4Vn1XLvg="
            },
            "proper-lockfile": {
              "version": "4.1.2",
              "resolved": "https://registry.nlark.com/proper-lockfile/download/proper-lockfile-4.1.2.tgz",
              "integrity": "sha1-yLneKvay8WAQZ/mOAaxmuqIjFB8=",
              "requires": {
                "graceful-fs": "^4.2.4",
                "retry": "^0.12.0",
                "signal-exit": "^3.0.2"
              }
            },
            "proxy-from-env": {
              "version": "1.1.0",
              "resolved": "https://registry.npm.taobao.org/proxy-from-env/download/proxy-from-env-1.1.0.tgz",
              "integrity": "sha1-4QLxbKNVQkhldV0sno6k8k1Yw+I="
            },
            "pump": {
              "version": "3.0.0",
              "resolved": "https://registry.npm.taobao.org/pump/download/pump-3.0.0.tgz",
              "integrity": "sha1-tKIRaBW94vTh6mAjVOjHVWUQemQ=",
              "requires": {
                "end-of-stream": "^1.1.0",
                "once": "^1.3.1"
              }
            },
            "retry": {
              "version": "0.12.0",
              "resolved": "https://registry.nlark.com/retry/download/retry-0.12.0.tgz",
              "integrity": "sha1-G0KmJmoh8HQh0bC1S33BZ7AcATs="
            },
            "rimraf": {
              "version": "3.0.2",
              "resolved": "https://registry.npm.taobao.org/rimraf/download/rimraf-3.0.2.tgz?cache=0&sync_timestamp=1614946161596&other_urls=https%3A%2F%2Fregistry.npm.taobao.org%2Frimraf%2Fdownload%2Frimraf-3.0.2.tgz",
              "integrity": "sha1-8aVAK6YiCtUswSgrrBrjqkn9Bho=",
              "requires": {
                "glob": "^7.1.3"
              }
            },
            "signal-exit": {
              "version": "3.0.4",
              "resolved": "https://registry.nlark.com/signal-exit/download/signal-exit-3.0.4.tgz?cache=0&sync_timestamp=1631772908138&other_urls=https%3A%2F%2Fregistry.nlark.com%2Fsignal-exit%2Fdownload%2Fsignal-exit-3.0.4.tgz",
              "integrity": "sha1-NmpGhNF1ucqyCB42gf2jdHtsUdc="
            },
            "stack-utils": {
              "version": "2.0.5",
              "resolved": "https://registry.nlark.com/stack-utils/download/stack-utils-2.0.5.tgz",
              "integrity": "sha1-0lJl/KmVFUZZ27+6O0klR3jS/dU=",
              "requires": {
                "escape-string-regexp": "^2.0.0"
              }
            },
            "wrappy": {
              "version": "1.0.2",
              "resolved": "https://registry.nlark.com/wrappy/download/wrappy-1.0.2.tgz?cache=0&sync_timestamp=1619133505879&other_urls=https%3A%2F%2Fregistry.nlark.com%2Fwrappy%2Fdownload%2Fwrappy-1.0.2.tgz",
              "integrity": "sha1-tSQ9jz7BqjXxNkYFvA0QNuMKtp8="
            },
            "ws": {
              "version": "7.5.5",
              "resolved": "https://registry.nlark.com/ws/download/ws-7.5.5.tgz?cache=0&sync_timestamp=1631130711705&other_urls=https%3A%2F%2Fregistry.nlark.com%2Fws%2Fdownload%2Fws-7.5.5.tgz",
              "integrity": "sha1-i0vEr1GM+r0Ec65PmRRCh7M+uIE="
            },
            "yauzl": {
              "version": "2.10.0",
              "resolved": "https://registry.npm.taobao.org/yauzl/download/yauzl-2.10.0.tgz",
              "integrity": "sha1-x+sXyT4RLLEIb6bY5R+wZnt5pfk=",
              "requires": {
                "buffer-crc32": "~0.2.3",
                "fd-slicer": "~1.1.0"
              }
            },
            "yazl": {
              "version": "2.5.1",
              "resolved": "https://registry.nlark.com/yazl/download/yazl-2.5.1.tgz",
              "integrity": "sha1-o9ZdPdZZpbCTeFDoYJ8i//orXDU=",
              "requires": {
                "buffer-crc32": "~0.2.3"
              }
            }
          }
        }
      }
    },
    "chalk": {
      "version": "4.1.2",
      "requires": {
        "ansi-styles": "^4.1.0",
        "supports-color": "^7.1.0"
      },
      "dependencies": {
        "ansi-styles": {
          "version": "4.3.0",
          "resolved": "https://registry.nlark.com/ansi-styles/download/ansi-styles-4.3.0.tgz",
          "integrity": "sha1-7dgDYornHATIWuegkG7a00tkiTc=",
          "requires": {
            "color-convert": "^2.0.1"
          }
        },
        "color-convert": {
          "version": "2.0.1",
          "resolved": "https://registry.npm.taobao.org/color-convert/download/color-convert-2.0.1.tgz",
          "integrity": "sha1-ctOmjVmMm9s68q0ehPIdiWq9TeM=",
          "requires": {
            "color-name": "~1.1.4"
          }
        },
        "color-name": {
          "version": "1.1.4",
          "resolved": "https://registry.npm.taobao.org/color-name/download/color-name-1.1.4.tgz",
          "integrity": "sha1-wqCah6y95pVD3m9j+jmVyCbFNqI="
        },
        "has-flag": {
          "version": "4.0.0",
          "resolved": "https://registry.nlark.com/has-flag/download/has-flag-4.0.0.tgz",
          "integrity": "sha1-lEdx/ZyByBJlxNaUGGDaBrtZR5s="
        },
        "supports-color": {
          "version": "7.2.0",
          "resolved": "https://registry.nlark.com/supports-color/download/supports-color-7.2.0.tgz?cache=0&sync_timestamp=1626703414084&other_urls=https%3A%2F%2Fregistry.nlark.com%2Fsupports-color%2Fdownload%2Fsupports-color-7.2.0.tgz",
          "integrity": "sha1-G33NyzK4E4gBs+R4umpRyqiWSNo=",
          "requires": {
            "has-flag": "^4.0.0"
          }
        }
      }
    },
    "commander": {
      "version": "8.2.0"
    },
    "lodash": {
      "version": "4.17.21"
    },
    "ora": {
      "version": "6.0.1",
      "requires": {
        "bl": "^5.0.0",
        "chalk": "^4.1.2",
        "cli-cursor": "^4.0.0",
        "cli-spinners": "^2.6.0",
        "is-interactive": "^2.0.0",
        "is-unicode-supported": "^1.1.0",
        "log-symbols": "^5.0.0",
        "strip-ansi": "^7.0.1",
        "wcwidth": "^1.0.1"
      },
      "dependencies": {
        "ansi-regex": {
          "version": "6.0.1",
          "resolved": "https://registry.nlark.com/ansi-regex/download/ansi-regex-6.0.1.tgz?cache=0&sync_timestamp=1631634988487&other_urls=https%3A%2F%2Fregistry.nlark.com%2Fansi-regex%2Fdownload%2Fansi-regex-6.0.1.tgz",
          "integrity": "sha1-MYPjj66aZdfLXlOUXNWJfQJgoGo="
        },
        "ansi-styles": {
          "version": "4.3.0",
          "resolved": "https://registry.nlark.com/ansi-styles/download/ansi-styles-4.3.0.tgz",
          "integrity": "sha1-7dgDYornHATIWuegkG7a00tkiTc=",
          "requires": {
            "color-convert": "^2.0.1"
          }
        },
        "base64-js": {
          "version": "1.5.1",
          "resolved": "https://registry.npm.taobao.org/base64-js/download/base64-js-1.5.1.tgz",
          "integrity": "sha1-GxtEAWClv3rUC2UPCVljSBkDkwo="
        },
        "bl": {
          "version": "5.0.0",
          "resolved": "https://registry.npm.taobao.org/bl/download/bl-5.0.0.tgz?cache=0&sync_timestamp=1617381897308&other_urls=https%3A%2F%2Fregistry.npm.taobao.org%2Fbl%2Fdownload%2Fbl-5.0.0.tgz",
          "integrity": "sha1-aSiASkHp2pA0ho4cUMqI8h9XrqI=",
          "requires": {
            "buffer": "^6.0.3",
            "inherits": "^2.0.4",
            "readable-stream": "^3.4.0"
          }
        },
        "buffer": {
          "version": "6.0.3",
          "resolved": "https://registry.npm.taobao.org/buffer/download/buffer-6.0.3.tgz?cache=0&sync_timestamp=1606098159535&other_urls=https%3A%2F%2Fregistry.npm.taobao.org%2Fbuffer%2Fdownload%2Fbuffer-6.0.3.tgz",
          "integrity": "sha1-Ks5XhFnMj74qcKqo9S7mO2p0xsY=",
          "requires": {
            "base64-js": "^1.3.1",
            "ieee754": "^1.2.1"
          }
        },
        "chalk": {
          "version": "4.1.2",
          "resolved": "https://registry.nlark.com/chalk/download/chalk-4.1.2.tgz?cache=0&sync_timestamp=1627646697260&other_urls=https%3A%2F%2Fregistry.nlark.com%2Fchalk%2Fdownload%2Fchalk-4.1.2.tgz",
          "integrity": "sha1-qsTit3NKdAhnrrFr8CqtVWoeegE=",
          "requires": {
            "ansi-styles": "^4.1.0",
            "supports-color": "^7.1.0"
          }
        },
        "cli-cursor": {
          "version": "4.0.0",
          "resolved": "https://registry.nlark.com/cli-cursor/download/cli-cursor-4.0.0.tgz?cache=0&sync_timestamp=1629747481175&other_urls=https%3A%2F%2Fregistry.nlark.com%2Fcli-cursor%2Fdownload%2Fcli-cursor-4.0.0.tgz",
          "integrity": "sha1-POz+NzS/T+Aqg2HL3A9v4oxqV+o=",
          "requires": {
            "restore-cursor": "^4.0.0"
          }
        },
        "cli-spinners": {
          "version": "2.6.0",
          "resolved": "https://registry.npm.taobao.org/cli-spinners/download/cli-spinners-2.6.0.tgz?cache=0&sync_timestamp=1616091572272&other_urls=https%3A%2F%2Fregistry.npm.taobao.org%2Fcli-spinners%2Fdownload%2Fcli-spinners-2.6.0.tgz",
          "integrity": "sha1-NsfcmPtqmna9YjjsP3fiQlYn6Tk="
        },
        "clone": {
          "version": "1.0.4",
          "resolved": "https://registry.npm.taobao.org/clone/download/clone-1.0.4.tgz?cache=0&other_urls=https%3A%2F%2Fregistry.npm.taobao.org%2Fclone%2Fdownload%2Fclone-1.0.4.tgz",
          "integrity": "sha1-2jCcwmPfFZlMaIypAheco8fNfH4="
        },
        "color-convert": {
          "version": "2.0.1",
          "resolved": "https://registry.npm.taobao.org/color-convert/download/color-convert-2.0.1.tgz",
          "integrity": "sha1-ctOmjVmMm9s68q0ehPIdiWq9TeM=",
          "requires": {
            "color-name": "~1.1.4"
          }
        },
        "color-name": {
          "version": "1.1.4",
          "resolved": "https://registry.npm.taobao.org/color-name/download/color-name-1.1.4.tgz",
          "integrity": "sha1-wqCah6y95pVD3m9j+jmVyCbFNqI="
        },
        "defaults": {
          "version": "1.0.3",
          "resolved": "https://registry.npm.taobao.org/defaults/download/defaults-1.0.3.tgz",
          "integrity": "sha1-xlYFHpgX2f8I7YgUd/P+QBnz730=",
          "requires": {
            "clone": "^1.0.2"
          }
        },
        "has-flag": {
          "version": "4.0.0",
          "resolved": "https://registry.nlark.com/has-flag/download/has-flag-4.0.0.tgz",
          "integrity": "sha1-lEdx/ZyByBJlxNaUGGDaBrtZR5s="
        },
        "ieee754": {
          "version": "1.2.1",
          "resolved": "https://registry.npm.taobao.org/ieee754/download/ieee754-1.2.1.tgz",
          "integrity": "sha1-jrehCmP/8l0VpXsAFYbRd9Gw01I="
        },
        "inherits": {
          "version": "2.0.4",
          "resolved": "https://registry.npm.taobao.org/inherits/download/inherits-2.0.4.tgz",
          "integrity": "sha1-D6LGT5MpF8NDOg3tVTY6rjdBa3w="
        },
        "is-interactive": {
          "version": "2.0.0",
          "resolved": "https://registry.nlark.com/is-interactive/download/is-interactive-2.0.0.tgz",
          "integrity": "sha1-QMV2FFk4JtoRAK3mBZd41ZfxbpA="
        },
        "is-unicode-supported": {
          "version": "1.1.0",
          "resolved": "https://registry.nlark.com/is-unicode-supported/download/is-unicode-supported-1.1.0.tgz?cache=0&sync_timestamp=1625294161966&other_urls=https%3A%2F%2Fregistry.nlark.com%2Fis-unicode-supported%2Fdownload%2Fis-unicode-supported-1.1.0.tgz",
          "integrity": "sha1-kSe3H5+oL1LKXCDpgue+wO4x7h4="
        },
        "log-symbols": {
          "version": "5.0.0",
          "resolved": "https://registry.nlark.com/log-symbols/download/log-symbols-5.0.0.tgz?cache=0&sync_timestamp=1618847128438&other_urls=https%3A%2F%2Fregistry.nlark.com%2Flog-symbols%2Fdownload%2Flog-symbols-5.0.0.tgz",
          "integrity": "sha1-dyDTxqVsNl4fZYkWBpuhjZQQkso=",
          "requires": {
            "chalk": "^4.1.0",
            "is-unicode-supported": "^1.0.0"
          }
        },
        "mimic-fn": {
          "version": "2.1.0",
          "resolved": "https://registry.npm.taobao.org/mimic-fn/download/mimic-fn-2.1.0.tgz",
          "integrity": "sha1-ftLCzMyvhNP/y3pptXcR/CCDQBs="
        },
        "onetime": {
          "version": "5.1.2",
          "resolved": "https://registry.npm.taobao.org/onetime/download/onetime-5.1.2.tgz",
          "integrity": "sha1-0Oluu1awdHbfHdnEgG5SN5hcpF4=",
          "requires": {
            "mimic-fn": "^2.1.0"
          }
        },
        "readable-stream": {
          "version": "3.6.0",
          "resolved": "https://registry.npm.taobao.org/readable-stream/download/readable-stream-3.6.0.tgz",
          "integrity": "sha1-M3u9o63AcGvT4CRCaihtS0sskZg=",
          "requires": {
            "inherits": "^2.0.3",
            "string_decoder": "^1.1.1",
            "util-deprecate": "^1.0.1"
          }
        },
        "restore-cursor": {
          "version": "4.0.0",
          "resolved": "https://registry.nlark.com/restore-cursor/download/restore-cursor-4.0.0.tgz?cache=0&sync_timestamp=1629746923086&other_urls=https%3A%2F%2Fregistry.nlark.com%2Frestore-cursor%2Fdownload%2Frestore-cursor-4.0.0.tgz",
          "integrity": "sha1-UZVgpDGJdQlt725gnUQQDtqkzLk=",
          "requires": {
            "onetime": "^5.1.0",
            "signal-exit": "^3.0.2"
          }
        },
        "safe-buffer": {
          "version": "5.2.1",
          "resolved": "https://registry.npm.taobao.org/safe-buffer/download/safe-buffer-5.2.1.tgz?cache=0&sync_timestamp=1599054209520&other_urls=https%3A%2F%2Fregistry.npm.taobao.org%2Fsafe-buffer%2Fdownload%2Fsafe-buffer-5.2.1.tgz",
          "integrity": "sha1-Hq+fqb2x/dTsdfWPnNtOa3gn7sY="
        },
        "signal-exit": {
          "version": "3.0.4",
          "resolved": "https://registry.nlark.com/signal-exit/download/signal-exit-3.0.4.tgz?cache=0&sync_timestamp=1631772908138&other_urls=https%3A%2F%2Fregistry.nlark.com%2Fsignal-exit%2Fdownload%2Fsignal-exit-3.0.4.tgz",
          "integrity": "sha1-NmpGhNF1ucqyCB42gf2jdHtsUdc="
        },
        "string_decoder": {
          "version": "1.3.0",
          "resolved": "https://registry.npm.taobao.org/string_decoder/download/string_decoder-1.3.0.tgz",
          "integrity": "sha1-QvEUWUpGzxqOMLCoT1bHjD7awh4=",
          "requires": {
            "safe-buffer": "~5.2.0"
          }
        },
        "strip-ansi": {
          "version": "7.0.1",
          "resolved": "https://registry.nlark.com/strip-ansi/download/strip-ansi-7.0.1.tgz?cache=0&sync_timestamp=1631350330859&other_urls=https%3A%2F%2Fregistry.nlark.com%2Fstrip-ansi%2Fdownload%2Fstrip-ansi-7.0.1.tgz",
          "integrity": "sha1-YXQKCM42th5Q5lZT8HBg0ACXX7I=",
          "requires": {
            "ansi-regex": "^6.0.1"
          }
        },
        "supports-color": {
          "version": "7.2.0",
          "resolved": "https://registry.nlark.com/supports-color/download/supports-color-7.2.0.tgz?cache=0&sync_timestamp=1626703414084&other_urls=https%3A%2F%2Fregistry.nlark.com%2Fsupports-color%2Fdownload%2Fsupports-color-7.2.0.tgz",
          "integrity": "sha1-G33NyzK4E4gBs+R4umpRyqiWSNo=",
          "requires": {
            "has-flag": "^4.0.0"
          }
        },
        "util-deprecate": {
          "version": "1.0.2",
          "resolved": "https://registry.npm.taobao.org/util-deprecate/download/util-deprecate-1.0.2.tgz",
          "integrity": "sha1-RQ1Nyfpw3nMnYvvS1KKJgUGaDM8="
        },
        "wcwidth": {
          "version": "1.0.1",
          "resolved": "https://registry.npm.taobao.org/wcwidth/download/wcwidth-1.0.1.tgz",
          "integrity": "sha1-8LDc+RW8X/FSivrbLA4XtTLaL+g=",
          "requires": {
            "defaults": "^1.0.3"
          }
        }
      }
    }
  }
}
